
Microsoft Visual Studio Solution File, Format Version 12.00
# Visual Studio Version 17
VisualStudioVersion = 17.9.34728.123
MinimumVisualStudioVersion = 10.0.40219.1
Project("{FAE04EC0-301F-11D3-BF4B-00C04F79EFBC}") = "MyTE_grupo05", "MyTE_grupo05\MyTE_grupo05.csproj", "{A8CBF55D-AC1D-4CA9-94A0-81921EE9A85E}"
EndProject
Global
	GlobalSection(SolutionConfigurationPlatforms) = preSolution
		Debug|Any CPU = Debug|Any CPU
		Release|Any CPU = Release|Any CPU
	EndGlobalSection
	GlobalSection(ProjectConfigurationPlatforms) = postSolution
		{A8CBF55D-AC1D-4CA9-94A0-81921EE9A85E}.Debug|Any CPU.ActiveCfg = Debug|Any CPU
		{A8CBF55D-AC1D-4CA9-94A0-81921EE9A85E}.Debug|Any CPU.Build.0 = Debug|Any CPU
		{A8CBF55D-AC1D-4CA9-94A0-81921EE9A85E}.Release|Any CPU.ActiveCfg = Release|Any CPU
		{A8CBF55D-AC1D-4CA9-94A0-81921EE9A85E}.Release|Any CPU.Build.0 = Release|Any CPU
	EndGlobalSection
	GlobalSection(SolutionProperties) = preSolution
		HideSolutionNode = FALSE
	EndGlobalSection
	GlobalSection(ExtensibilityGlobals) = postSolution
		SolutionGuid = {EAC6D200-7731-4749-BE34-FCCD161F3C6B}
	EndGlobalSection
EndGlobal
